
Microsoft Visual Studio Solution File, Format Version 12.00
# Visual Studio Version 17
VisualStudioVersion = 17.9.34622.214
MinimumVisualStudioVersion = 10.0.40219.1
Project("{FAE04EC0-301F-11D3-BF4B-00C04F79EFBC}") = "BlackJackServer", "BlackJackServer\BlackJackServer.csproj", "{7FD48914-2278-4A43-9545-50FC1C7E0FDE}"
EndProject
Project("{FAE04EC0-301F-11D3-BF4B-00C04F79EFBC}") = "BlackJackClient", "BlackJackClient\BlackJackClient.csproj", "{B11BCD3A-FEDB-4BBE-8C55-6C08A6AFA40E}"
EndProject
Global
	GlobalSection(SolutionConfigurationPlatforms) = preSolution
		Debug|Any CPU = Debug|Any CPU
		Release|Any CPU = Release|Any CPU
	EndGlobalSection
	GlobalSection(ProjectConfigurationPlatforms) = postSolution
		{7FD48914-2278-4A43-9545-50FC1C7E0FDE}.Debug|Any CPU.ActiveCfg = Debug|Any CPU
		{7FD48914-2278-4A43-9545-50FC1C7E0FDE}.Debug|Any CPU.Build.0 = Debug|Any CPU
		{7FD48914-2278-4A43-9545-50FC1C7E0FDE}.Release|Any CPU.ActiveCfg = Release|Any CPU
		{7FD48914-2278-4A43-9545-50FC1C7E0FDE}.Release|Any CPU.Build.0 = Release|Any CPU
		{B11BCD3A-FEDB-4BBE-8C55-6C08A6AFA40E}.Debug|Any CPU.ActiveCfg = Debug|Any CPU
		{B11BCD3A-FEDB-4BBE-8C55-6C08A6AFA40E}.Debug|Any CPU.Build.0 = Debug|Any CPU
		{B11BCD3A-FEDB-4BBE-8C55-6C08A6AFA40E}.Release|Any CPU.ActiveCfg = Release|Any CPU
		{B11BCD3A-FEDB-4BBE-8C55-6C08A6AFA40E}.Release|Any CPU.Build.0 = Release|Any CPU
	EndGlobalSection
	GlobalSection(SolutionProperties) = preSolution
		HideSolutionNode = FALSE
	EndGlobalSection
	GlobalSection(ExtensibilityGlobals) = postSolution
		SolutionGuid = {EAF32F1B-C90F-4A05-A4DC-930CD303283E}
	EndGlobalSection
EndGlobal
